
Microsoft Visual Studio Solution File, Format Version 12.00
# Visual Studio 15
Project("{FAE04EC0-301F-11D3-BF4B-00C04F79EFBC}") = "Assembly-CSharp", "Assembly-CSharp.csproj", "{2C50CE74-F306-4C8A-4519-AC23C5118987}"
EndProject
Project("{FAE04EC0-301F-11D3-BF4B-00C04F79EFBC}") = "Assembly-CSharp-Editor", "Assembly-CSharp-Editor.csproj", "{A520902A-C5AE-49E3-5A1A-47A74E66EC66}"
EndProject
Global
	GlobalSection(SolutionConfigurationPlatforms) = preSolution
		Debug|Any CPU = Debug|Any CPU
		Release|Any CPU = Release|Any CPU
	EndGlobalSection
	GlobalSection(ProjectConfigurationPlatforms) = postSolution
		{2C50CE74-F306-4C8A-4519-AC23C5118987}.Debug|Any CPU.ActiveCfg = Debug|Any CPU
		{2C50CE74-F306-4C8A-4519-AC23C5118987}.Debug|Any CPU.Build.0 = Debug|Any CPU
		{2C50CE74-F306-4C8A-4519-AC23C5118987}.Release|Any CPU.ActiveCfg = Release|Any CPU
		{2C50CE74-F306-4C8A-4519-AC23C5118987}.Release|Any CPU.Build.0 = Release|Any CPU
		{A520902A-C5AE-49E3-5A1A-47A74E66EC66}.Debug|Any CPU.ActiveCfg = Debug|Any CPU
		{A520902A-C5AE-49E3-5A1A-47A74E66EC66}.Debug|Any CPU.Build.0 = Debug|Any CPU
		{A520902A-C5AE-49E3-5A1A-47A74E66EC66}.Release|Any CPU.ActiveCfg = Release|Any CPU
		{A520902A-C5AE-49E3-5A1A-47A74E66EC66}.Release|Any CPU.Build.0 = Release|Any CPU
	EndGlobalSection
	GlobalSection(SolutionProperties) = preSolution
		HideSolutionNode = FALSE
	EndGlobalSection
EndGlobal
